
Microsoft Visual Studio Solution File, Format Version 12.00
# Visual Studio Version 17
VisualStudioVersion = 17.14.36121.58 d17.14
MinimumVisualStudioVersion = 10.0.40219.1
Project("{FAE04EC0-301F-11D3-BF4B-00C04F79EFBC}") = "BooksWebAPI", "BooksWebAPI\BooksWebAPI.csproj", "{D4651AC8-DE0E-4891-9A47-2151DD8929BE}"
EndProject
Global
	GlobalSection(SolutionConfigurationPlatforms) = preSolution
		Debug|Any CPU = Debug|Any CPU
		Release|Any CPU = Release|Any CPU
	EndGlobalSection
	GlobalSection(ProjectConfigurationPlatforms) = postSolution
		{D4651AC8-DE0E-4891-9A47-2151DD8929BE}.Debug|Any CPU.ActiveCfg = Debug|Any CPU
		{D4651AC8-DE0E-4891-9A47-2151DD8929BE}.Debug|Any CPU.Build.0 = Debug|Any CPU
		{D4651AC8-DE0E-4891-9A47-2151DD8929BE}.Release|Any CPU.ActiveCfg = Release|Any CPU
		{D4651AC8-DE0E-4891-9A47-2151DD8929BE}.Release|Any CPU.Build.0 = Release|Any CPU
	EndGlobalSection
	GlobalSection(SolutionProperties) = preSolution
		HideSolutionNode = FALSE
	EndGlobalSection
	GlobalSection(ExtensibilityGlobals) = postSolution
		SolutionGuid = {5B637E7B-F35E-4226-B8FD-69AA9C2CEF52}
	EndGlobalSection
EndGlobal
